// !$*UTF8*$!
{
	archiveVersion = 1;
	classes = {
	};
	objectVersion = 46;
	objects = {

/* Begin PBXBuildFile section */
		3BED31CE1CD9955D009B8A69 /* main.m in Sources */ = {isa = PBXBuildFile; fileRef = 3BED31CD1CD9955D009B8A69 /* main.m */; };
		3BED31D11CD9955D009B8A69 /* AppDelegate.m in Sources */ = {isa = PBXBuildFile; fileRef = 3BED31D01CD9955D009B8A69 /* AppDelegate.m */; };
		3BED31D71CD9955D009B8A69 /* Main.storyboard in Resources */ = {isa = PBXBuildFile; fileRef = 3BED31D51CD9955D009B8A69 /* Main.storyboard */; };
		3BED31D91CD9955D009B8A69 /* Assets.xcassets in Resources */ = {isa = PBXBuildFile; fileRef = 3BED31D81CD9955D009B8A69 /* Assets.xcassets */; };
		3BED31DC1CD9955D009B8A69 /* LaunchScreen.storyboard in Resources */ = {isa = PBXBuildFile; fileRef = 3BED31DA1CD9955D009B8A69 /* LaunchScreen.storyboard */; };
		3BED31E51CD995B8009B8A69 /* XCSelectionViewController.m in Sources */ = {isa = PBXBuildFile; fileRef = 3BED31E41CD995B8009B8A69 /* XCSelectionViewController.m */; };
		3BED31E81CD99C36009B8A69 /* UIView+Extension.m in Sources */ = {isa = PBXBuildFile; fileRef = 3BED31E71CD99C36009B8A69 /* UIView+Extension.m */; };
		3BED31EB1CD9C6B9009B8A69 /* XCScrollView.m in Sources */ = {isa = PBXBuildFile; fileRef = 3BED31EA1CD9C6B9009B8A69 /* XCScrollView.m */; };
/* End PBXBuildFile section */

/* Begin PBXFileReference section */
		3BED31C91CD9955D009B8A69 /* XCSelectionViewController.app */ = {isa = PBXFileReference; explicitFileType = wrapper.application; includeInIndex = 0; path = XCSelectionViewController.app; sourceTree = BUILT_PRODUCTS_DIR; };
		3BED31CD1CD9955D009B8A69 /* main.m */ = {isa = PBXFileReference; lastKnownFileType = sourcecode.c.objc; path = main.m; sourceTree = "<group>"; };
		3BED31CF1CD9955D009B8A69 /* AppDelegate.h */ = {isa = PBXFileReference; lastKnownFileType = sourcecode.c.h; path = AppDelegate.h; sourceTree = "<group>"; };
		3BED31D01CD9955D009B8A69 /* AppDelegate.m */ = {isa = PBXFileReference; lastKnownFileType = sourcecode.c.objc; path = AppDelegate.m; sourceTree = "<group>"; };
		3BED31D61CD9955D009B8A69 /* Base */ = {isa = PBXFileReference; lastKnownFileType = file.storyboard; name = Base; path = Base.lproj/Main.storyboard; sourceTree = "<group>"; };
		3BED31D81CD9955D009B8A69 /* Assets.xcassets */ = {isa = PBXFileReference; lastKnownFileType = folder.assetcatalog; path = Assets.xcassets; sourceTree = "<group>"; };
		3BED31DB1CD9955D009B8A69 /* Base */ = {isa = PBXFileReference; lastKnownFileType = file.storyboard; name = Base; path = Base.lproj/LaunchScreen.storyboard; sourceTree = "<group>"; };
		3BED31DD1CD9955D009B8A69 /* Info.plist */ = {isa = PBXFileReference; lastKnownFileType = text.plist.xml; path = Info.plist; sourceTree = "<group>"; };
		3BED31E31CD995B8009B8A69 /* XCSelectionViewController.h */ = {isa = PBXFileReference; fileEncoding = 4; lastKnownFileType = sourcecode.c.h; path = XCSelectionViewController.h; sourceTree = "<group>"; };
		3BED31E41CD995B8009B8A69 /* XCSelectionViewController.m */ = {isa = PBXFileReference; fileEncoding = 4; lastKnownFileType = sourcecode.c.objc; path = XCSelectionViewController.m; sourceTree = "<group>"; };
		3BED31E61CD99C36009B8A69 /* UIView+Extension.h */ = {isa = PBXFileReference; fileEncoding = 4; lastKnownFileType = sourcecode.c.h; path = "UIView+Extension.h"; sourceTree = "<group>"; };
		3BED31E71CD99C36009B8A69 /* UIView+Extension.m */ = {isa = PBXFileReference; fileEncoding = 4; lastKnownFileType = sourcecode.c.objc; path = "UIView+Extension.m"; sourceTree = "<group>"; };
		3BED31E91CD9C6B9009B8A69 /* XCScrollView.h */ = {isa = PBXFileReference; fileEncoding = 4; lastKnownFileType = sourcecode.c.h; path = XCScrollView.h; sourceTree = "<group>"; };
		3BED31EA1CD9C6B9009B8A69 /* XCScrollView.m */ = {isa = PBXFileReference; fileEncoding = 4; lastKnownFileType = sourcecode.c.objc; path = XCScrollView.m; sourceTree = "<group>"; };
/* End PBXFileReference section */

/* Begin PBXFrameworksBuildPhase section */
		3BED31C61CD9955D009B8A69 /* Frameworks */ = {
			isa = PBXFrameworksBuildPhase;
			buildActionMask = 2147483647;
			files = (
			);
			runOnlyForDeploymentPostprocessing = 0;
		};
/* End PBXFrameworksBuildPhase section */

/* Begin PBXGroup section */
		3BED31C01CD9955D009B8A69 = {
			isa = PBXGroup;
			children = (
				3BED31CB1CD9955D009B8A69 /* XCSelectionViewController */,
				3BED31CA1CD9955D009B8A69 /* Products */,
			);
			sourceTree = "<group>";
		};
		3BED31CA1CD9955D009B8A69 /* Products */ = {
			isa = PBXGroup;
			children = (
				3BED31C91CD9955D009B8A69 /* XCSelectionViewController.app */,
			);
			name = Products;
			sourceTree = "<group>";
		};
		3BED31CB1CD9955D009B8A69 /* XCSelectionViewController */ = {
			isa = PBXGroup;
			children = (
				3BED31E31CD995B8009B8A69 /* XCSelectionViewController.h */,
				3BED31E41CD995B8009B8A69 /* XCSelectionViewController.m */,
				3BED31E61CD99C36009B8A69 /* UIView+Extension.h */,
				3BED31E71CD99C36009B8A69 /* UIView+Extension.m */,
				3BED31CF1CD9955D009B8A69 /* AppDelegate.h */,
				3BED31D01CD9955D009B8A69 /* AppDelegate.m */,
				3BED31D51CD9955D009B8A69 /* Main.storyboard */,
				3BED31D81CD9955D009B8A69 /* Assets.xcassets */,
				3BED31DA1CD9955D009B8A69 /* LaunchScreen.storyboard */,
				3BED31DD1CD9955D009B8A69 /* Info.plist */,
				3BED31CC1CD9955D009B8A69 /* Supporting Files */,
				3BED31E91CD9C6B9009B8A69 /* XCScrollView.h */,
				3BED31EA1CD9C6B9009B8A69 /* XCScrollView.m */,
			);
			path = XCSelectionViewController;
			sourceTree = "<group>";
		};
		3BED31CC1CD9955D009B8A69 /* Supporting Files */ = {
			isa = PBXGroup;
			children = (
				3BED31CD1CD9955D009B8A69 /* main.m */,
			);
			name = "Supporting Files";
			sourceTree = "<group>";
		};
/* End PBXGroup section */

/* Begin PBXNativeTarget section */
		3BED31C81CD9955D009B8A69 /* XCSelectionViewController */ = {
			isa = PBXNativeTarget;
			buildConfigurationList = 3BED31E01CD9955D009B8A69 /* Build configuration list for PBXNativeTarget "XCSelectionViewController" */;
			buildPhases = (
				3BED31C51CD9955D009B8A69 /* Sources */,
				3BED31C61CD9955D009B8A69 /* Frameworks */,
				3BED31C71CD9955D009B8A69 /* Resources */,
			);
			buildRules = (
			);
			dependencies = (
			);
			name = XCSelectionViewController;
			productName = XCSelectionViewController;
			productReference = 3BED31C91CD9955D009B8A69 /* XCSelectionViewController.app */;
			productType = "com.apple.product-type.application";
		};
/* End PBXNativeTarget section */

/* Begin PBXProject section */
		3BED31C11CD9955D009B8A69 /* Project object */ = {
			isa = PBXProject;
			attributes = {
				LastUpgradeCheck = 0730;
				ORGANIZATIONNAME = STV;
				TargetAttributes = {
					3BED31C81CD9955D009B8A69 = {
						CreatedOnToolsVersion = 7.3;
						DevelopmentTeam = P7FF277Z5R;
					};
				};
			};
			buildConfigurationList = 3BED31C41CD9955D009B8A69 /* Build configuration list for PBXProject "XCSelectionViewController" */;
			compatibilityVersion = "Xcode 3.2";
			developmentRegion = English;
			hasScannedForEncodings = 0;
			knownRegions = (
				en,
				Base,
			);
			mainGroup = 3BED31C01CD9955D009B8A69;
			productRefGroup = 3BED31CA1CD9955D009B8A69 /* Products */;
			projectDirPath = "";
			projectRoot = "";
			targets = (
				3BED31C81CD9955D009B8A69 /* XCSelectionViewController */,
			);
		};
/* End PBXProject section */

/* Begin PBXResourcesBuildPhase section */
		3BED31C71CD9955D009B8A69 /* Resources */ = {
			isa = PBXResourcesBuildPhase;
			buildActionMask = 2147483647;
			files = (
				3BED31DC1CD9955D009B8A69 /* LaunchScreen.storyboard in Resources */,
				3BED31D91CD9955D009B8A69 /* Assets.xcassets in Resources */,
				3BED31D71CD9955D009B8A69 /* Main.storyboard in Resources */,
			);
			runOnlyForDeploymentPostprocessing = 0;
		};
/* End PBXResourcesBuildPhase section */

/* Begin PBXSourcesBuildPhase section */
		3BED31C51CD9955D009B8A69 /* Sources */ = {
			isa = PBXSourcesBuildPhase;
			buildActionMask = 2147483647;
			files = (
				3BED31E81CD99C36009B8A69 /* UIView+Extension.m in Sources */,
				3BED31D11CD9955D009B8A69 /* AppDelegate.m in Sources */,
				3BED31E51CD995B8009B8A69 /* XCSelectionViewController.m in Sources */,
				3BED31EB1CD9C6B9009B8A69 /* XCScrollView.m in Sources */,
				3BED31CE1CD9955D009B8A69 /* main.m in Sources */,
			);
			runOnlyForDeploymentPostprocessing = 0;
		};
/* End PBXSourcesBuildPhase section */

/* Begin PBXVariantGroup section */
		3BED31D51CD9955D009B8A69 /* Main.storyboard */ = {
			isa = PBXVariantGroup;
			children = (
				3BED31D61CD9955D009B8A69 /* Base */,
			);
			name = Main.storyboard;
			sourceTree = "<group>";
		};
		3BED31DA1CD9955D009B8A69 /* LaunchScreen.storyboard */ = {
			isa = PBXVariantGroup;
			children = (
				3BED31DB1CD9955D009B8A69 /* Base */,
			);
			name = LaunchScreen.storyboard;
			sourceTree = "<group>";
		};
/* End PBXVariantGroup section */

/* Begin XCBuildConfiguration section */
		3BED31DE1CD9955D009B8A69 /* Debug */ = {
			isa = XCBuildConfiguration;
			buildSettings = {
				ALWAYS_SEARCH_USER_PATHS = NO;
				CLANG_ANALYZER_NONNULL = YES;
				CLANG_CXX_LANGUAGE_STANDARD = "gnu++0x";
				CLANG_CXX_LIBRARY = "libc++";
				CLANG_ENABLE_MODULES = YES;
				CLANG_ENABLE_OBJC_ARC = YES;
				CLANG_WARN_BOOL_CONVERSION = YES;
				CLANG_WARN_CONSTANT_CONVERSION = YES;
				CLANG_WARN_DIRECT_OBJC_ISA_USAGE = YES_ERROR;
				CLANG_WARN_EMPTY_BODY = YES;
				CLANG_WARN_ENUM_CONVERSION = YES;
				CLANG_WARN_INT_CONVERSION = YES;
				CLANG_WARN_OBJC_ROOT_CLASS = YES_ERROR;
				CLANG_WARN_UNREACHABLE_CODE = YES;
				CLANG_WARN__DUPLICATE_METHOD_MATCH = YES;
				"CODE_SIGN_IDENTITY[sdk=iphoneos*]" = "iPhone Developer";
				COPY_PHASE_STRIP = NO;
				DEBUG_INFORMATION_FORMAT = dwarf;
				ENABLE_STRICT_OBJC_MSGSEND = YES;
				ENABLE_TESTABILITY = YES;
				GCC_C_LANGUAGE_STANDARD = gnu99;
				GCC_DYNAMIC_NO_PIC = NO;
				GCC_NO_COMMON_BLOCKS = YES;
				GCC_OPTIMIZATION_LEVEL = 0;
				GCC_PREPROCESSOR_DEFINITIONS = (
					"DEBUG=1",
					"$(inherited)",
				);
				GCC_WARN_64_TO_32_BIT_CONVERSION = YES;
				GCC_WARN_ABOUT_RETURN_TYPE = YES_ERROR;
				GCC_WARN_UNDECLARED_SELECTOR = YES;
				GCC_WARN_UNINITIALIZED_AUTOS = YES_AGGRESSIVE;
				GCC_WARN_UNUSED_FUNCTION = YES;
				GCC_WARN_UNUSED_VARIABLE = YES;
				IPHONEOS_DEPLOYMENT_TARGET = 9.3;
				MTL_ENABLE_DEBUG_INFO = YES;
				ONLY_ACTIVE_ARCH = YES;
				SDKROOT = iphoneos;
			};
			name = Debug;
		};
		3BED31DF1CD9955D009B8A69 /* Release */ = {
			isa = XCBuildConfiguration;
			buildSettings = {
				ALWAYS_SEARCH_USER_PATHS = NO;
				CLANG_ANALYZER_NONNULL = YES;
				CLANG_CXX_LANGUAGE_STANDARD = "gnu++0x";
				CLANG_CXX_LIBRARY = "libc++";
				CLANG_ENABLE_MODULES = YES;
				CLANG_ENABLE_OBJC_ARC = YES;
				CLANG_WARN_BOOL_CONVERSION = YES;
				CLANG_WARN_CONSTANT_CONVERSION = YES;
				CLANG_WARN_DIRECT_OBJC_ISA_USAGE = YES_ERROR;
				CLANG_WARN_EMPTY_BODY = YES;
				CLANG_WARN_ENUM_CONVERSION = YES;
				CLANG_WARN_INT_CONVERSION = YES;
				CLANG_WARN_OBJC_ROOT_CLASS = YES_ERROR;
				CLANG_WARN_UNREACHABLE_CODE = YES;
				CLANG_WARN__DUPLICATE_METHOD_MATCH = YES;
				"CODE_SIGN_IDENTITY[sdk=iphoneos*]" = "iPhone Developer";
				COPY_PHASE_STRIP = NO;
				DEBUG_INFORMATION_FORMAT = "dwarf-with-dsym";
				ENABLE_NS_ASSERTIONS = NO;
				ENABLE_STRICT_OBJC_MSGSEND = YES;
				GCC_C_LANGUAGE_STANDARD = gnu99;
				GCC_NO_COMMON_BLOCKS = YES;
				GCC_WARN_64_TO_32_BIT_CONVERSION = YES;
				GCC_WARN_ABOUT_RETURN_TYPE = YES_ERROR;
				GCC_WARN_UNDECLARED_SELECTOR = YES;
				GCC_WARN_UNINITIALIZED_AUTOS = YES_AGGRESSIVE;
				GCC_WARN_UNUSED_FUNCTION = YES;
				GCC_WARN_UNUSED_VARIABLE = YES;
				IPHONEOS_DEPLOYMENT_TARGET = 9.3;
				MTL_ENABLE_DEBUG_INFO = NO;
				SDKROOT = iphoneos;
				VALIDATE_PRODUCT = YES;
			};
			name = Release;
		};
		3BED31E11CD9955D009B8A69 /* Debug */ = {
			isa = XCBuildConfiguration;
			buildSettings = {
				ASSETCATALOG_COMPILER_APPICON_NAME = AppIcon;
				INFOPLIST_FILE = XCSelectionViewController/Info.plist;
				IPHONEOS_DEPLOYMENT_TARGET = 8.0;
				LD_RUNPATH_SEARCH_PATHS = "$(inherited) @executable_path/Frameworks";
				PRODUCT_BUNDLE_IDENTIFIER = "com.novel-supertv.XCSelectionViewController";
				PRODUCT_NAME = "$(TARGET_NAME)";
			};
			name = Debug;
		};
		3BED31E21CD9955D009B8A69 /* Release */ = {
			isa = XCBuildConfiguration;
			buildSettings = {
				ASSETCATALOG_COMPILER_APPICON_NAME = AppIcon;
				INFOPLIST_FILE = XCSelectionViewController/Info.plist;
				IPHONEOS_DEPLOYMENT_TARGET = 8.0;
				LD_RUNPATH_SEARCH_PATHS = "$(inherited) @executable_path/Frameworks";
				PRODUCT_BUNDLE_IDENTIFIER = "com.novel-supertv.XCSelectionViewController";
				PRODUCT_NAME = "$(TARGET_NAME)";
			};
			name = Release;
		};
/* End XCBuildConfiguration section */

/* Begin XCConfigurationList section */
		3BED31C41CD9955D009B8A69 /* Build configuration list for PBXProject "XCSelectionViewController" */ = {
			isa = XCConfigurationList;
			buildConfigurations = (
				3BED31DE1CD9955D009B8A69 /* Debug */,
				3BED31DF1CD9955D009B8A69 /* Release */,
			);
			defaultConfigurationIsVisible = 0;
			defaultConfigurationName = Release;
		};
		3BED31E01CD9955D009B8A69 /* Build configuration list for PBXNativeTarget "XCSelectionViewController" */ = {
			isa = XCConfigurationList;
			buildConfigurations = (
				3BED31E11CD9955D009B8A69 /* Debug */,
				3BED31E21CD9955D009B8A69 /* Release */,
			);
			defaultConfigurationIsVisible = 0;
			defaultConfigurationName = Release;
		};
/* End XCConfigurationList section */
	};
	rootObject = 3BED31C11CD9955D009B8A69 /* Project object */;
}
